
Microsoft Visual Studio Solution File, Format Version 12.00
# Visual Studio Version 16
VisualStudioVersion = 16.0.30523.141
MinimumVisualStudioVersion = 10.0.40219.1
Project("{FAE04EC0-301F-11D3-BF4B-00C04F79EFBC}") = "BleCat", "BleCat\BleCat\BleCat.csproj", "{17D55511-F128-4686-8D17-8B60642BDA2F}"
EndProject
Project("{FAE04EC0-301F-11D3-BF4B-00C04F79EFBC}") = "BleCat.Android", "BleCat\BleCat.Android\BleCat.Android.csproj", "{1346D61F-026D-4B8D-95FD-2C95DDC93904}"
EndProject
Project("{FAE04EC0-301F-11D3-BF4B-00C04F79EFBC}") = "BleCat.iOS", "BleCat\BleCat.iOS\BleCat.iOS.csproj", "{FECDBFA3-73DF-4D47-842E-E8C0039F1BF1}"
EndProject
Global
	GlobalSection(SolutionConfigurationPlatforms) = preSolution
		Ad-Hoc|Any CPU = Ad-Hoc|Any CPU
		Ad-Hoc|iPhone = Ad-Hoc|iPhone
		Ad-Hoc|iPhoneSimulator = Ad-Hoc|iPhoneSimulator
		AppStore|Any CPU = AppStore|Any CPU
		AppStore|iPhone = AppStore|iPhone
		AppStore|iPhoneSimulator = AppStore|iPhoneSimulator
		Debug|Any CPU = Debug|Any CPU
		Debug|iPhone = Debug|iPhone
		Debug|iPhoneSimulator = Debug|iPhoneSimulator
		Release|Any CPU = Release|Any CPU
		Release|iPhone = Release|iPhone
		Release|iPhoneSimulator = Release|iPhoneSimulator
	EndGlobalSection
	GlobalSection(ProjectConfigurationPlatforms) = postSolution
		{17D55511-F128-4686-8D17-8B60642BDA2F}.Ad-Hoc|Any CPU.ActiveCfg = Release|Any CPU
		{17D55511-F128-4686-8D17-8B60642BDA2F}.Ad-Hoc|Any CPU.Build.0 = Release|Any CPU
		{17D55511-F128-4686-8D17-8B60642BDA2F}.Ad-Hoc|iPhone.ActiveCfg = Release|Any CPU
		{17D55511-F128-4686-8D17-8B60642BDA2F}.Ad-Hoc|iPhone.Build.0 = Release|Any CPU
		{17D55511-F128-4686-8D17-8B60642BDA2F}.Ad-Hoc|iPhoneSimulator.ActiveCfg = Release|Any CPU
		{17D55511-F128-4686-8D17-8B60642BDA2F}.Ad-Hoc|iPhoneSimulator.Build.0 = Release|Any CPU
		{17D55511-F128-4686-8D17-8B60642BDA2F}.AppStore|Any CPU.ActiveCfg = Release|Any CPU
		{17D55511-F128-4686-8D17-8B60642BDA2F}.AppStore|Any CPU.Build.0 = Release|Any CPU
		{17D55511-F128-4686-8D17-8B60642BDA2F}.AppStore|iPhone.ActiveCfg = Release|Any CPU
		{17D55511-F128-4686-8D17-8B60642BDA2F}.AppStore|iPhone.Build.0 = Release|Any CPU
		{17D55511-F128-4686-8D17-8B60642BDA2F}.AppStore|iPhoneSimulator.ActiveCfg = Release|Any CPU
		{17D55511-F128-4686-8D17-8B60642BDA2F}.AppStore|iPhoneSimulator.Build.0 = Release|Any CPU
		{17D55511-F128-4686-8D17-8B60642BDA2F}.Debug|Any CPU.ActiveCfg = Debug|Any CPU
		{17D55511-F128-4686-8D17-8B60642BDA2F}.Debug|Any CPU.Build.0 = Debug|Any CPU
		{17D55511-F128-4686-8D17-8B60642BDA2F}.Debug|iPhone.ActiveCfg = Debug|Any CPU
		{17D55511-F128-4686-8D17-8B60642BDA2F}.Debug|iPhone.Build.0 = Debug|Any CPU
		{17D55511-F128-4686-8D17-8B60642BDA2F}.Debug|iPhoneSimulator.ActiveCfg = Debug|Any CPU
		{17D55511-F128-4686-8D17-8B60642BDA2F}.Debug|iPhoneSimulator.Build.0 = Debug|Any CPU
		{17D55511-F128-4686-8D17-8B60642BDA2F}.Release|Any CPU.ActiveCfg = Release|Any CPU
		{17D55511-F128-4686-8D17-8B60642BDA2F}.Release|Any CPU.Build.0 = Release|Any CPU
		{17D55511-F128-4686-8D17-8B60642BDA2F}.Release|iPhone.ActiveCfg = Release|Any CPU
		{17D55511-F128-4686-8D17-8B60642BDA2F}.Release|iPhone.Build.0 = Release|Any CPU
		{17D55511-F128-4686-8D17-8B60642BDA2F}.Release|iPhoneSimulator.ActiveCfg = Release|Any CPU
		{17D55511-F128-4686-8D17-8B60642BDA2F}.Release|iPhoneSimulator.Build.0 = Release|Any CPU
		{1346D61F-026D-4B8D-95FD-2C95DDC93904}.Ad-Hoc|Any CPU.ActiveCfg = Debug|Any CPU
		{1346D61F-026D-4B8D-95FD-2C95DDC93904}.Ad-Hoc|Any CPU.Build.0 = Debug|Any CPU
		{1346D61F-026D-4B8D-95FD-2C95DDC93904}.Ad-Hoc|Any CPU.Deploy.0 = Debug|Any CPU
		{1346D61F-026D-4B8D-95FD-2C95DDC93904}.Ad-Hoc|iPhone.ActiveCfg = Debug|Any CPU
		{1346D61F-026D-4B8D-95FD-2C95DDC93904}.Ad-Hoc|iPhone.Build.0 = Debug|Any CPU
		{1346D61F-026D-4B8D-95FD-2C95DDC93904}.Ad-Hoc|iPhone.Deploy.0 = Debug|Any CPU
		{1346D61F-026D-4B8D-95FD-2C95DDC93904}.Ad-Hoc|iPhoneSimulator.ActiveCfg = Debug|Any CPU
		{1346D61F-026D-4B8D-95FD-2C95DDC93904}.Ad-Hoc|iPhoneSimulator.Build.0 = Debug|Any CPU
		{1346D61F-026D-4B8D-95FD-2C95DDC93904}.Ad-Hoc|iPhoneSimulator.Deploy.0 = Debug|Any CPU
		{1346D61F-026D-4B8D-95FD-2C95DDC93904}.AppStore|Any CPU.ActiveCfg = Debug|Any CPU
		{1346D61F-026D-4B8D-95FD-2C95DDC93904}.AppStore|Any CPU.Build.0 = Debug|Any CPU
		{1346D61F-026D-4B8D-95FD-2C95DDC93904}.AppStore|Any CPU.Deploy.0 = Debug|Any CPU
		{1346D61F-026D-4B8D-95FD-2C95DDC93904}.AppStore|iPhone.ActiveCfg = Debug|Any CPU
		{1346D61F-026D-4B8D-95FD-2C95DDC93904}.AppStore|iPhone.Build.0 = Debug|Any CPU
		{1346D61F-026D-4B8D-95FD-2C95DDC93904}.AppStore|iPhone.Deploy.0 = Debug|Any CPU
		{1346D61F-026D-4B8D-95FD-2C95DDC93904}.AppStore|iPhoneSimulator.ActiveCfg = Debug|Any CPU
		{1346D61F-026D-4B8D-95FD-2C95DDC93904}.AppStore|iPhoneSimulator.Build.0 = Debug|Any CPU
		{1346D61F-026D-4B8D-95FD-2C95DDC93904}.AppStore|iPhoneSimulator.Deploy.0 = Debug|Any CPU
		{1346D61F-026D-4B8D-95FD-2C95DDC93904}.Debug|Any CPU.ActiveCfg = Debug|Any CPU
		{1346D61F-026D-4B8D-95FD-2C95DDC93904}.Debug|Any CPU.Build.0 = Debug|Any CPU
		{1346D61F-026D-4B8D-95FD-2C95DDC93904}.Debug|Any CPU.Deploy.0 = Debug|Any CPU
		{1346D61F-026D-4B8D-95FD-2C95DDC93904}.Debug|iPhone.ActiveCfg = Debug|Any CPU
		{1346D61F-026D-4B8D-95FD-2C95DDC93904}.Debug|iPhone.Build.0 = Debug|Any CPU
		{1346D61F-026D-4B8D-95FD-2C95DDC93904}.Debug|iPhone.Deploy.0 = Debug|Any CPU
		{1346D61F-026D-4B8D-95FD-2C95DDC93904}.Debug|iPhoneSimulator.ActiveCfg = Debug|Any CPU
		{1346D61F-026D-4B8D-95FD-2C95DDC93904}.Debug|iPhoneSimulator.Build.0 = Debug|Any CPU
		{1346D61F-026D-4B8D-95FD-2C95DDC93904}.Debug|iPhoneSimulator.Deploy.0 = Debug|Any CPU
		{1346D61F-026D-4B8D-95FD-2C95DDC93904}.Release|Any CPU.ActiveCfg = Release|Any CPU
		{1346D61F-026D-4B8D-95FD-2C95DDC93904}.Release|Any CPU.Build.0 = Release|Any CPU
		{1346D61F-026D-4B8D-95FD-2C95DDC93904}.Release|Any CPU.Deploy.0 = Release|Any CPU
		{1346D61F-026D-4B8D-95FD-2C95DDC93904}.Release|iPhone.ActiveCfg = Release|Any CPU
		{1346D61F-026D-4B8D-95FD-2C95DDC93904}.Release|iPhone.Build.0 = Release|Any CPU
		{1346D61F-026D-4B8D-95FD-2C95DDC93904}.Release|iPhone.Deploy.0 = Release|Any CPU
		{1346D61F-026D-4B8D-95FD-2C95DDC93904}.Release|iPhoneSimulator.ActiveCfg = Release|Any CPU
		{1346D61F-026D-4B8D-95FD-2C95DDC93904}.Release|iPhoneSimulator.Build.0 = Release|Any CPU
		{1346D61F-026D-4B8D-95FD-2C95DDC93904}.Release|iPhoneSimulator.Deploy.0 = Release|Any CPU
		{FECDBFA3-73DF-4D47-842E-E8C0039F1BF1}.Ad-Hoc|Any CPU.ActiveCfg = Ad-Hoc|iPhoneSimulator
		{FECDBFA3-73DF-4D47-842E-E8C0039F1BF1}.Ad-Hoc|iPhone.ActiveCfg = Ad-Hoc|iPhone
		{FECDBFA3-73DF-4D47-842E-E8C0039F1BF1}.Ad-Hoc|iPhone.Build.0 = Ad-Hoc|iPhone
		{FECDBFA3-73DF-4D47-842E-E8C0039F1BF1}.Ad-Hoc|iPhoneSimulator.ActiveCfg = Ad-Hoc|iPhoneSimulator
		{FECDBFA3-73DF-4D47-842E-E8C0039F1BF1}.Ad-Hoc|iPhoneSimulator.Build.0 = Ad-Hoc|iPhoneSimulator
		{FECDBFA3-73DF-4D47-842E-E8C0039F1BF1}.AppStore|Any CPU.ActiveCfg = AppStore|iPhoneSimulator
		{FECDBFA3-73DF-4D47-842E-E8C0039F1BF1}.AppStore|iPhone.ActiveCfg = AppStore|iPhone
		{FECDBFA3-73DF-4D47-842E-E8C0039F1BF1}.AppStore|iPhone.Build.0 = AppStore|iPhone
		{FECDBFA3-73DF-4D47-842E-E8C0039F1BF1}.AppStore|iPhoneSimulator.ActiveCfg = AppStore|iPhoneSimulator
		{FECDBFA3-73DF-4D47-842E-E8C0039F1BF1}.AppStore|iPhoneSimulator.Build.0 = AppStore|iPhoneSimulator
		{FECDBFA3-73DF-4D47-842E-E8C0039F1BF1}.Debug|Any CPU.ActiveCfg = Debug|iPhoneSimulator
		{FECDBFA3-73DF-4D47-842E-E8C0039F1BF1}.Debug|iPhone.ActiveCfg = Debug|iPhone
		{FECDBFA3-73DF-4D47-842E-E8C0039F1BF1}.Debug|iPhone.Build.0 = Debug|iPhone
		{FECDBFA3-73DF-4D47-842E-E8C0039F1BF1}.Debug|iPhone.Deploy.0 = Debug|iPhone
		{FECDBFA3-73DF-4D47-842E-E8C0039F1BF1}.Debug|iPhoneSimulator.ActiveCfg = Debug|iPhoneSimulator
		{FECDBFA3-73DF-4D47-842E-E8C0039F1BF1}.Debug|iPhoneSimulator.Build.0 = Debug|iPhoneSimulator
		{FECDBFA3-73DF-4D47-842E-E8C0039F1BF1}.Release|Any CPU.ActiveCfg = Release|iPhoneSimulator
		{FECDBFA3-73DF-4D47-842E-E8C0039F1BF1}.Release|iPhone.ActiveCfg = Release|iPhone
		{FECDBFA3-73DF-4D47-842E-E8C0039F1BF1}.Release|iPhone.Build.0 = Release|iPhone
		{FECDBFA3-73DF-4D47-842E-E8C0039F1BF1}.Release|iPhoneSimulator.ActiveCfg = Release|iPhoneSimulator
		{FECDBFA3-73DF-4D47-842E-E8C0039F1BF1}.Release|iPhoneSimulator.Build.0 = Release|iPhoneSimulator
	EndGlobalSection
	GlobalSection(SolutionProperties) = preSolution
		HideSolutionNode = FALSE
	EndGlobalSection
	GlobalSection(ExtensibilityGlobals) = postSolution
		SolutionGuid = {92462EC0-6F5F-4880-A032-D768B83AE7E3}
	EndGlobalSection
EndGlobal
